// !$*UTF8*$!
{
	archiveVersion = 1;
	classes = {
	};
	objectVersion = 56;
	objects = {

/* Begin PBXBuildFile section */
		BB163810287F23A00044A99F /* InOutBarChartView.swift in Sources */ = {isa = PBXBuildFile; fileRef = BB16380F287F23A00044A99F /* InOutBarChartView.swift */; };
		BB33170028835C95001B2021 /* NominalChartExample.swift in Sources */ = {isa = PBXBuildFile; fileRef = BB3316FF28835C95001B2021 /* NominalChartExample.swift */; };
		BB3317022883795C001B2021 /* TemporalChartExample.swift in Sources */ = {isa = PBXBuildFile; fileRef = BB3317012883795C001B2021 /* TemporalChartExample.swift */; };
		BB3D0CCD287CC58900F89DE5 /* AppEntry.swift in Sources */ = {isa = PBXBuildFile; fileRef = BB3D0CCC287CC58900F89DE5 /* AppEntry.swift */; };
		BB3D0CD1287CC58A00F89DE5 /* Assets.xcassets in Resources */ = {isa = PBXBuildFile; fileRef = BB3D0CD0287CC58A00F89DE5 /* Assets.xcassets */; };
		BB3D0CD4287CC58A00F89DE5 /* Preview Assets.xcassets in Resources */ = {isa = PBXBuildFile; fileRef = BB3D0CD3287CC58A00F89DE5 /* Preview Assets.xcassets */; };
		BB523B122880F29500685E00 /* TypesBarChartView.swift in Sources */ = {isa = PBXBuildFile; fileRef = BB523B112880F29500685E00 /* TypesBarChartView.swift */; };
		BB62C002287D1013001A8CA4 /* DataStore.swift in Sources */ = {isa = PBXBuildFile; fileRef = BB62C001287D1013001A8CA4 /* DataStore.swift */; };
		BB62C004287D10E9001A8CA4 /* WineListView.swift in Sources */ = {isa = PBXBuildFile; fileRef = BB62C003287D10E9001A8CA4 /* WineListView.swift */; };
		BB84240828823AA800BF55B9 /* Date+Extension.swift in Sources */ = {isa = PBXBuildFile; fileRef = BB84240728823AA800BF55B9 /* Date+Extension.swift */; };
		BB96462C287F797D00473B79 /* WineData.json in Resources */ = {isa = PBXBuildFile; fileRef = BB96462B287F797D00473B79 /* WineData.json */; };
		BB96462E287F7A4900473B79 /* Wine.swift in Sources */ = {isa = PBXBuildFile; fileRef = BB96462D287F7A4900473B79 /* Wine.swift */; };
		BBA93179287F48BB00A91B96 /* GroupingChartView.swift in Sources */ = {isa = PBXBuildFile; fileRef = BBA93178287F48BB00A91B96 /* GroupingChartView.swift */; };
		BBA9317B287F68B900A91B96 /* Import.swift in Sources */ = {isa = PBXBuildFile; fileRef = BBA9317A287F68B900A91B96 /* Import.swift */; };
		BBB4D1C3288139F500194C46 /* StartTab.swift in Sources */ = {isa = PBXBuildFile; fileRef = BBB4D1C2288139F500194C46 /* StartTab.swift */; };
		BBDA39BA2881C66F00CA04F8 /* Launch Screen.storyboard in Resources */ = {isa = PBXBuildFile; fileRef = BBDA39B92881C66F00CA04F8 /* Launch Screen.storyboard */; };
		BBF503D3287FB29000A49407 /* Variety.swift in Sources */ = {isa = PBXBuildFile; fileRef = BBF503D2287FB29000A49407 /* Variety.swift */; };
		BBF503D5287FB2A500A49407 /* Winery.swift in Sources */ = {isa = PBXBuildFile; fileRef = BBF503D4287FB2A500A49407 /* Winery.swift */; };
		BBF503D7287FB31D00A49407 /* LogEntry.swift in Sources */ = {isa = PBXBuildFile; fileRef = BBF503D6287FB31D00A49407 /* LogEntry.swift */; };
		BBF503D9287FE29400A49407 /* Enums.swift in Sources */ = {isa = PBXBuildFile; fileRef = BBF503D8287FE29400A49407 /* Enums.swift */; };
/* End PBXBuildFile section */

/* Begin PBXFileReference section */
		BB16380F287F23A00044A99F /* InOutBarChartView.swift */ = {isa = PBXFileReference; lastKnownFileType = sourcecode.swift; path = InOutBarChartView.swift; sourceTree = "<group>"; };
		BB3316FF28835C95001B2021 /* NominalChartExample.swift */ = {isa = PBXFileReference; lastKnownFileType = sourcecode.swift; path = NominalChartExample.swift; sourceTree = "<group>"; };
		BB3317012883795C001B2021 /* TemporalChartExample.swift */ = {isa = PBXFileReference; lastKnownFileType = sourcecode.swift; path = TemporalChartExample.swift; sourceTree = "<group>"; };
		BB3D0CC9287CC58900F89DE5 /* WineBarChart.app */ = {isa = PBXFileReference; explicitFileType = wrapper.application; includeInIndex = 0; path = WineBarChart.app; sourceTree = BUILT_PRODUCTS_DIR; };
		BB3D0CCC287CC58900F89DE5 /* AppEntry.swift */ = {isa = PBXFileReference; lastKnownFileType = sourcecode.swift; path = AppEntry.swift; sourceTree = "<group>"; };
		BB3D0CD0287CC58A00F89DE5 /* Assets.xcassets */ = {isa = PBXFileReference; lastKnownFileType = folder.assetcatalog; path = Assets.xcassets; sourceTree = "<group>"; };
		BB3D0CD3287CC58A00F89DE5 /* Preview Assets.xcassets */ = {isa = PBXFileReference; lastKnownFileType = folder.assetcatalog; path = "Preview Assets.xcassets"; sourceTree = "<group>"; };
		BB523B112880F29500685E00 /* TypesBarChartView.swift */ = {isa = PBXFileReference; lastKnownFileType = sourcecode.swift; path = TypesBarChartView.swift; sourceTree = "<group>"; };
		BB62C001287D1013001A8CA4 /* DataStore.swift */ = {isa = PBXFileReference; lastKnownFileType = sourcecode.swift; path = DataStore.swift; sourceTree = "<group>"; };
		BB62C003287D10E9001A8CA4 /* WineListView.swift */ = {isa = PBXFileReference; lastKnownFileType = sourcecode.swift; path = WineListView.swift; sourceTree = "<group>"; };
		BB84240728823AA800BF55B9 /* Date+Extension.swift */ = {isa = PBXFileReference; lastKnownFileType = sourcecode.swift; path = "Date+Extension.swift"; sourceTree = "<group>"; };
		BB96462B287F797D00473B79 /* WineData.json */ = {isa = PBXFileReference; fileEncoding = 4; lastKnownFileType = text.json; path = WineData.json; sourceTree = "<group>"; };
		BB96462D287F7A4900473B79 /* Wine.swift */ = {isa = PBXFileReference; lastKnownFileType = sourcecode.swift; path = Wine.swift; sourceTree = "<group>"; };
		BBA93178287F48BB00A91B96 /* GroupingChartView.swift */ = {isa = PBXFileReference; lastKnownFileType = sourcecode.swift; path = GroupingChartView.swift; sourceTree = "<group>"; };
		BBA9317A287F68B900A91B96 /* Import.swift */ = {isa = PBXFileReference; lastKnownFileType = sourcecode.swift; path = Import.swift; sourceTree = "<group>"; };
		BBB4D1C2288139F500194C46 /* StartTab.swift */ = {isa = PBXFileReference; lastKnownFileType = sourcecode.swift; path = StartTab.swift; sourceTree = "<group>"; };
		BBDA39B92881C66F00CA04F8 /* Launch Screen.storyboard */ = {isa = PBXFileReference; lastKnownFileType = file.storyboard; path = "Launch Screen.storyboard"; sourceTree = "<group>"; };
		BBF503D2287FB29000A49407 /* Variety.swift */ = {isa = PBXFileReference; lastKnownFileType = sourcecode.swift; path = Variety.swift; sourceTree = "<group>"; };
		BBF503D4287FB2A500A49407 /* Winery.swift */ = {isa = PBXFileReference; lastKnownFileType = sourcecode.swift; path = Winery.swift; sourceTree = "<group>"; };
		BBF503D6287FB31D00A49407 /* LogEntry.swift */ = {isa = PBXFileReference; lastKnownFileType = sourcecode.swift; path = LogEntry.swift; sourceTree = "<group>"; };
		BBF503D8287FE29400A49407 /* Enums.swift */ = {isa = PBXFileReference; lastKnownFileType = sourcecode.swift; path = Enums.swift; sourceTree = "<group>"; };
/* End PBXFileReference section */

/* Begin PBXFrameworksBuildPhase section */
		BB3D0CC6287CC58900F89DE5 /* Frameworks */ = {
			isa = PBXFrameworksBuildPhase;
			buildActionMask = 2147483647;
			files = (
			);
			runOnlyForDeploymentPostprocessing = 0;
		};
/* End PBXFrameworksBuildPhase section */

/* Begin PBXGroup section */
		BB3D0CC0287CC58900F89DE5 = {
			isa = PBXGroup;
			children = (
				BB3D0CCB287CC58900F89DE5 /* WineBarChart */,
				BB3D0CCA287CC58900F89DE5 /* Products */,
			);
			sourceTree = "<group>";
		};
		BB3D0CCA287CC58900F89DE5 /* Products */ = {
			isa = PBXGroup;
			children = (
				BB3D0CC9287CC58900F89DE5 /* WineBarChart.app */,
			);
			name = Products;
			sourceTree = "<group>";
		};
		BB3D0CCB287CC58900F89DE5 /* WineBarChart */ = {
			isa = PBXGroup;
			children = (
				BB3D0CCC287CC58900F89DE5 /* AppEntry.swift */,
				BBD875F228822B09002B2D8B /* Intro Charts */,
				BB62C001287D1013001A8CA4 /* DataStore.swift */,
				BBB4D1C2288139F500194C46 /* StartTab.swift */,
				BBF503DB287FE52800A49407 /* Wine List Screen */,
				BB523B0E2880ED4E00685E00 /* Types Chart */,
				BBB4D1C1288139CA00194C46 /* Groupings Chart */,
				BBF503DA287FE50800A49407 /* In_Out Chart */,
				BBF503D0287FB21900A49407 /* Models */,
				BBDABCF62883BD2A0077DA01 /* Extensions */,
				BBF503D1287FB22900A49407 /* Seed */,
				BB3D0CD0287CC58A00F89DE5 /* Assets.xcassets */,
				BBDA39B92881C66F00CA04F8 /* Launch Screen.storyboard */,
				BB3D0CD2287CC58A00F89DE5 /* Preview Content */,
			);
			path = WineBarChart;
			sourceTree = "<group>";
		};
		BB3D0CD2287CC58A00F89DE5 /* Preview Content */ = {
			isa = PBXGroup;
			children = (
				BB3D0CD3287CC58A00F89DE5 /* Preview Assets.xcassets */,
			);
			path = "Preview Content";
			sourceTree = "<group>";
		};
		BB523B0E2880ED4E00685E00 /* Types Chart */ = {
			isa = PBXGroup;
			children = (
				BB523B112880F29500685E00 /* TypesBarChartView.swift */,
			);
			path = "Types Chart";
			sourceTree = "<group>";
		};
		BBB4D1C1288139CA00194C46 /* Groupings Chart */ = {
			isa = PBXGroup;
			children = (
				BBA93178287F48BB00A91B96 /* GroupingChartView.swift */,
			);
			path = "Groupings Chart";
			sourceTree = "<group>";
		};
		BBD875F228822B09002B2D8B /* Intro Charts */ = {
			isa = PBXGroup;
			children = (
				BB3316FF28835C95001B2021 /* NominalChartExample.swift */,
				BB3317012883795C001B2021 /* TemporalChartExample.swift */,
			);
			path = "Intro Charts";
			sourceTree = "<group>";
		};
		BBDABCF62883BD2A0077DA01 /* Extensions */ = {
			isa = PBXGroup;
			children = (
				BB84240728823AA800BF55B9 /* Date+Extension.swift */,
			);
			path = Extensions;
			sourceTree = "<group>";
		};
		BBF503D0287FB21900A49407 /* Models */ = {
			isa = PBXGroup;
			children = (
				BB96462D287F7A4900473B79 /* Wine.swift */,
				BBF503D6287FB31D00A49407 /* LogEntry.swift */,
				BBF503D2287FB29000A49407 /* Variety.swift */,
				BBF503D4287FB2A500A49407 /* Winery.swift */,
				BBF503D8287FE29400A49407 /* Enums.swift */,
			);
			path = Models;
			sourceTree = "<group>";
		};
		BBF503D1287FB22900A49407 /* Seed */ = {
			isa = PBXGroup;
			children = (
				BBA9317A287F68B900A91B96 /* Import.swift */,
				BB96462B287F797D00473B79 /* WineData.json */,
			);
			path = Seed;
			sourceTree = "<group>";
		};
		BBF503DA287FE50800A49407 /* In_Out Chart */ = {
			isa = PBXGroup;
			children = (
				BB16380F287F23A00044A99F /* InOutBarChartView.swift */,
			);
			path = "In_Out Chart";
			sourceTree = "<group>";
		};
		BBF503DB287FE52800A49407 /* Wine List Screen */ = {
			isa = PBXGroup;
			children = (
				BB62C003287D10E9001A8CA4 /* WineListView.swift */,
			);
			path = "Wine List Screen";
			sourceTree = "<group>";
		};
/* End PBXGroup section */

/* Begin PBXNativeTarget section */
		BB3D0CC8287CC58900F89DE5 /* WineBarChart */ = {
			isa = PBXNativeTarget;
			buildConfigurationList = BB3D0CD7287CC58A00F89DE5 /* Build configuration list for PBXNativeTarget "WineBarChart" */;
			buildPhases = (
				BB3D0CC5287CC58900F89DE5 /* Sources */,
				BB3D0CC6287CC58900F89DE5 /* Frameworks */,
				BB3D0CC7287CC58900F89DE5 /* Resources */,
			);
			buildRules = (
			);
			dependencies = (
			);
			name = WineBarChart;
			productName = WineBarChart;
			productReference = BB3D0CC9287CC58900F89DE5 /* WineBarChart.app */;
			productType = "com.apple.product-type.application";
		};
/* End PBXNativeTarget section */

/* Begin PBXProject section */
		BB3D0CC1287CC58900F89DE5 /* Project object */ = {
			isa = PBXProject;
			attributes = {
				BuildIndependentTargetsInParallel = 1;
				LastSwiftUpdateCheck = 1400;
				LastUpgradeCheck = 1400;
				TargetAttributes = {
					BB3D0CC8287CC58900F89DE5 = {
						CreatedOnToolsVersion = 14.0;
					};
				};
			};
			buildConfigurationList = BB3D0CC4287CC58900F89DE5 /* Build configuration list for PBXProject "WineBarChart" */;
			compatibilityVersion = "Xcode 14.0";
			developmentRegion = en;
			hasScannedForEncodings = 0;
			knownRegions = (
				en,
				Base,
			);
			mainGroup = BB3D0CC0287CC58900F89DE5;
			productRefGroup = BB3D0CCA287CC58900F89DE5 /* Products */;
			projectDirPath = "";
			projectRoot = "";
			targets = (
				BB3D0CC8287CC58900F89DE5 /* WineBarChart */,
			);
		};
/* End PBXProject section */

/* Begin PBXResourcesBuildPhase section */
		BB3D0CC7287CC58900F89DE5 /* Resources */ = {
			isa = PBXResourcesBuildPhase;
			buildActionMask = 2147483647;
			files = (
				BB3D0CD4287CC58A00F89DE5 /* Preview Assets.xcassets in Resources */,
				BB3D0CD1287CC58A00F89DE5 /* Assets.xcassets in Resources */,
				BBDA39BA2881C66F00CA04F8 /* Launch Screen.storyboard in Resources */,
				BB96462C287F797D00473B79 /* WineData.json in Resources */,
			);
			runOnlyForDeploymentPostprocessing = 0;
		};
/* End PBXResourcesBuildPhase section */

/* Begin PBXSourcesBuildPhase section */
		BB3D0CC5287CC58900F89DE5 /* Sources */ = {
			isa = PBXSourcesBuildPhase;
			buildActionMask = 2147483647;
			files = (
				BBA93179287F48BB00A91B96 /* GroupingChartView.swift in Sources */,
				BB33170028835C95001B2021 /* NominalChartExample.swift in Sources */,
				BBA9317B287F68B900A91B96 /* Import.swift in Sources */,
				BBF503D9287FE29400A49407 /* Enums.swift in Sources */,
				BBF503D3287FB29000A49407 /* Variety.swift in Sources */,
				BB163810287F23A00044A99F /* InOutBarChartView.swift in Sources */,
				BB96462E287F7A4900473B79 /* Wine.swift in Sources */,
				BB523B122880F29500685E00 /* TypesBarChartView.swift in Sources */,
				BBF503D5287FB2A500A49407 /* Winery.swift in Sources */,
				BB3D0CCD287CC58900F89DE5 /* AppEntry.swift in Sources */,
				BBF503D7287FB31D00A49407 /* LogEntry.swift in Sources */,
				BB62C002287D1013001A8CA4 /* DataStore.swift in Sources */,
				BB3317022883795C001B2021 /* TemporalChartExample.swift in Sources */,
				BB62C004287D10E9001A8CA4 /* WineListView.swift in Sources */,
				BBB4D1C3288139F500194C46 /* StartTab.swift in Sources */,
				BB84240828823AA800BF55B9 /* Date+Extension.swift in Sources */,
			);
			runOnlyForDeploymentPostprocessing = 0;
		};
/* End PBXSourcesBuildPhase section */

/* Begin XCBuildConfiguration section */
		BB3D0CD5287CC58A00F89DE5 /* Debug */ = {
			isa = XCBuildConfiguration;
			buildSettings = {
				ALWAYS_SEARCH_USER_PATHS = NO;
				CLANG_ANALYZER_NONNULL = YES;
				CLANG_ANALYZER_NUMBER_OBJECT_CONVERSION = YES_AGGRESSIVE;
				CLANG_CXX_LANGUAGE_STANDARD = "gnu++17";
				CLANG_ENABLE_MODULES = YES;
				CLANG_ENABLE_OBJC_ARC = YES;
				CLANG_ENABLE_OBJC_WEAK = YES;
				CLANG_WARN_BLOCK_CAPTURE_AUTORELEASING = YES;
				CLANG_WARN_BOOL_CONVERSION = YES;
				CLANG_WARN_COMMA = YES;
				CLANG_WARN_CONSTANT_CONVERSION = YES;
				CLANG_WARN_DEPRECATED_OBJC_IMPLEMENTATIONS = YES;
				CLANG_WARN_DIRECT_OBJC_ISA_USAGE = YES_ERROR;
				CLANG_WARN_DOCUMENTATION_COMMENTS = YES;
				CLANG_WARN_EMPTY_BODY = YES;
				CLANG_WARN_ENUM_CONVERSION = YES;
				CLANG_WARN_INFINITE_RECURSION = YES;
				CLANG_WARN_INT_CONVERSION = YES;
				CLANG_WARN_NON_LITERAL_NULL_CONVERSION = YES;
				CLANG_WARN_OBJC_IMPLICIT_RETAIN_SELF = YES;
				CLANG_WARN_OBJC_LITERAL_CONVERSION = YES;
				CLANG_WARN_OBJC_ROOT_CLASS = YES_ERROR;
				CLANG_WARN_QUOTED_INCLUDE_IN_FRAMEWORK_HEADER = YES;
				CLANG_WARN_RANGE_LOOP_ANALYSIS = YES;
				CLANG_WARN_STRICT_PROTOTYPES = YES;
				CLANG_WARN_SUSPICIOUS_MOVE = YES;
				CLANG_WARN_UNGUARDED_AVAILABILITY = YES_AGGRESSIVE;
				CLANG_WARN_UNREACHABLE_CODE = YES;
				CLANG_WARN__DUPLICATE_METHOD_MATCH = YES;
				COPY_PHASE_STRIP = NO;
				DEBUG_INFORMATION_FORMAT = dwarf;
				ENABLE_STRICT_OBJC_MSGSEND = YES;
				ENABLE_TESTABILITY = YES;
				GCC_C_LANGUAGE_STANDARD = gnu11;
				GCC_DYNAMIC_NO_PIC = NO;
				GCC_NO_COMMON_BLOCKS = YES;
				GCC_OPTIMIZATION_LEVEL = 0;
				GCC_PREPROCESSOR_DEFINITIONS = (
					"DEBUG=1",
					"$(inherited)",
				);
				GCC_WARN_64_TO_32_BIT_CONVERSION = YES;
				GCC_WARN_ABOUT_RETURN_TYPE = YES_ERROR;
				GCC_WARN_UNDECLARED_SELECTOR = YES;
				GCC_WARN_UNINITIALIZED_AUTOS = YES_AGGRESSIVE;
				GCC_WARN_UNUSED_FUNCTION = YES;
				GCC_WARN_UNUSED_VARIABLE = YES;
				IPHONEOS_DEPLOYMENT_TARGET = 16.0;
				MTL_ENABLE_DEBUG_INFO = INCLUDE_SOURCE;
				MTL_FAST_MATH = YES;
				ONLY_ACTIVE_ARCH = YES;
				SDKROOT = iphoneos;
				SWIFT_ACTIVE_COMPILATION_CONDITIONS = DEBUG;
				SWIFT_OPTIMIZATION_LEVEL = "-Onone";
			};
			name = Debug;
		};
		BB3D0CD6287CC58A00F89DE5 /* Release */ = {
			isa = XCBuildConfiguration;
			buildSettings = {
				ALWAYS_SEARCH_USER_PATHS = NO;
				CLANG_ANALYZER_NONNULL = YES;
				CLANG_ANALYZER_NUMBER_OBJECT_CONVERSION = YES_AGGRESSIVE;
				CLANG_CXX_LANGUAGE_STANDARD = "gnu++17";
				CLANG_ENABLE_MODULES = YES;
				CLANG_ENABLE_OBJC_ARC = YES;
				CLANG_ENABLE_OBJC_WEAK = YES;
				CLANG_WARN_BLOCK_CAPTURE_AUTORELEASING = YES;
				CLANG_WARN_BOOL_CONVERSION = YES;
				CLANG_WARN_COMMA = YES;
				CLANG_WARN_CONSTANT_CONVERSION = YES;
				CLANG_WARN_DEPRECATED_OBJC_IMPLEMENTATIONS = YES;
				CLANG_WARN_DIRECT_OBJC_ISA_USAGE = YES_ERROR;
				CLANG_WARN_DOCUMENTATION_COMMENTS = YES;
				CLANG_WARN_EMPTY_BODY = YES;
				CLANG_WARN_ENUM_CONVERSION = YES;
				CLANG_WARN_INFINITE_RECURSION = YES;
				CLANG_WARN_INT_CONVERSION = YES;
				CLANG_WARN_NON_LITERAL_NULL_CONVERSION = YES;
				CLANG_WARN_OBJC_IMPLICIT_RETAIN_SELF = YES;
				CLANG_WARN_OBJC_LITERAL_CONVERSION = YES;
				CLANG_WARN_OBJC_ROOT_CLASS = YES_ERROR;
				CLANG_WARN_QUOTED_INCLUDE_IN_FRAMEWORK_HEADER = YES;
				CLANG_WARN_RANGE_LOOP_ANALYSIS = YES;
				CLANG_WARN_STRICT_PROTOTYPES = YES;
				CLANG_WARN_SUSPICIOUS_MOVE = YES;
				CLANG_WARN_UNGUARDED_AVAILABILITY = YES_AGGRESSIVE;
				CLANG_WARN_UNREACHABLE_CODE = YES;
				CLANG_WARN__DUPLICATE_METHOD_MATCH = YES;
				COPY_PHASE_STRIP = NO;
				DEBUG_INFORMATION_FORMAT = "dwarf-with-dsym";
				ENABLE_NS_ASSERTIONS = NO;
				ENABLE_STRICT_OBJC_MSGSEND = YES;
				GCC_C_LANGUAGE_STANDARD = gnu11;
				GCC_NO_COMMON_BLOCKS = YES;
				GCC_WARN_64_TO_32_BIT_CONVERSION = YES;
				GCC_WARN_ABOUT_RETURN_TYPE = YES_ERROR;
				GCC_WARN_UNDECLARED_SELECTOR = YES;
				GCC_WARN_UNINITIALIZED_AUTOS = YES_AGGRESSIVE;
				GCC_WARN_UNUSED_FUNCTION = YES;
				GCC_WARN_UNUSED_VARIABLE = YES;
				IPHONEOS_DEPLOYMENT_TARGET = 16.0;
				MTL_ENABLE_DEBUG_INFO = NO;
				MTL_FAST_MATH = YES;
				SDKROOT = iphoneos;
				SWIFT_COMPILATION_MODE = wholemodule;
				SWIFT_OPTIMIZATION_LEVEL = "-O";
				VALIDATE_PRODUCT = YES;
			};
			name = Release;
		};
		BB3D0CD8287CC58A00F89DE5 /* Debug */ = {
			isa = XCBuildConfiguration;
			buildSettings = {
				ASSETCATALOG_COMPILER_APPICON_NAME = AppIcon;
				ASSETCATALOG_COMPILER_GLOBAL_ACCENT_COLOR_NAME = AccentColor;
				CODE_SIGN_STYLE = Automatic;
				CURRENT_PROJECT_VERSION = 1;
				DEVELOPMENT_ASSET_PATHS = "\"WineBarChart/Preview Content\"";
				DEVELOPMENT_TEAM = RKV4UP49S6;
				ENABLE_PREVIEWS = YES;
				GENERATE_INFOPLIST_FILE = YES;
				INFOPLIST_KEY_UIApplicationSceneManifest_Generation = YES;
				INFOPLIST_KEY_UIApplicationSupportsIndirectInputEvents = YES;
				INFOPLIST_KEY_UILaunchScreen_Generation = YES;
				INFOPLIST_KEY_UILaunchStoryboardName = "Launch Screen.storyboard";
				INFOPLIST_KEY_UISupportedInterfaceOrientations_iPad = "UIInterfaceOrientationPortrait UIInterfaceOrientationPortraitUpsideDown UIInterfaceOrientationLandscapeLeft UIInterfaceOrientationLandscapeRight";
				INFOPLIST_KEY_UISupportedInterfaceOrientations_iPhone = "UIInterfaceOrientationPortrait UIInterfaceOrientationLandscapeLeft UIInterfaceOrientationLandscapeRight";
				LD_RUNPATH_SEARCH_PATHS = (
					"$(inherited)",
					"@executable_path/Frameworks",
				);
				MARKETING_VERSION = 1.0;
				PRODUCT_BUNDLE_IDENTIFIER = com.createchsol.WineBarChart;
				PRODUCT_NAME = "$(TARGET_NAME)";
				SWIFT_EMIT_LOC_STRINGS = YES;
				SWIFT_VERSION = 5.0;
				TARGETED_DEVICE_FAMILY = "1,2";
			};
			name = Debug;
		};
		BB3D0CD9287CC58A00F89DE5 /* Release */ = {
			isa = XCBuildConfiguration;
			buildSettings = {
				ASSETCATALOG_COMPILER_APPICON_NAME = AppIcon;
				ASSETCATALOG_COMPILER_GLOBAL_ACCENT_COLOR_NAME = AccentColor;
				CODE_SIGN_STYLE = Automatic;
				CURRENT_PROJECT_VERSION = 1;
				DEVELOPMENT_ASSET_PATHS = "\"WineBarChart/Preview Content\"";
				DEVELOPMENT_TEAM = RKV4UP49S6;
				ENABLE_PREVIEWS = YES;
				GENERATE_INFOPLIST_FILE = YES;
				INFOPLIST_KEY_UIApplicationSceneManifest_Generation = YES;
				INFOPLIST_KEY_UIApplicationSupportsIndirectInputEvents = YES;
				INFOPLIST_KEY_UILaunchScreen_Generation = YES;
				INFOPLIST_KEY_UILaunchStoryboardName = "Launch Screen.storyboard";
				INFOPLIST_KEY_UISupportedInterfaceOrientations_iPad = "UIInterfaceOrientationPortrait UIInterfaceOrientationPortraitUpsideDown UIInterfaceOrientationLandscapeLeft UIInterfaceOrientationLandscapeRight";
				INFOPLIST_KEY_UISupportedInterfaceOrientations_iPhone = "UIInterfaceOrientationPortrait UIInterfaceOrientationLandscapeLeft UIInterfaceOrientationLandscapeRight";
				LD_RUNPATH_SEARCH_PATHS = (
					"$(inherited)",
					"@executable_path/Frameworks",
				);
				MARKETING_VERSION = 1.0;
				PRODUCT_BUNDLE_IDENTIFIER = com.createchsol.WineBarChart;
				PRODUCT_NAME = "$(TARGET_NAME)";
				SWIFT_EMIT_LOC_STRINGS = YES;
				SWIFT_VERSION = 5.0;
				TARGETED_DEVICE_FAMILY = "1,2";
			};
			name = Release;
		};
/* End XCBuildConfiguration section */

/* Begin XCConfigurationList section */
		BB3D0CC4287CC58900F89DE5 /* Build configuration list for PBXProject "WineBarChart" */ = {
			isa = XCConfigurationList;
			buildConfigurations = (
				BB3D0CD5287CC58A00F89DE5 /* Debug */,
				BB3D0CD6287CC58A00F89DE5 /* Release */,
			);
			defaultConfigurationIsVisible = 0;
			defaultConfigurationName = Release;
		};
		BB3D0CD7287CC58A00F89DE5 /* Build configuration list for PBXNativeTarget "WineBarChart" */ = {
			isa = XCConfigurationList;
			buildConfigurations = (
				BB3D0CD8287CC58A00F89DE5 /* Debug */,
				BB3D0CD9287CC58A00F89DE5 /* Release */,
			);
			defaultConfigurationIsVisible = 0;
			defaultConfigurationName = Release;
		};
/* End XCConfigurationList section */
	};
	rootObject = BB3D0CC1287CC58900F89DE5 /* Project object */;
}
